
Microsoft Visual Studio Solution File, Format Version 12.00
# Visual Studio Version 17
VisualStudioVersion = 17.7.34031.279
MinimumVisualStudioVersion = 10.0.40219.1
Project("{FAE04EC0-301F-11D3-BF4B-00C04F79EFBC}") = "ExcelAddInOutPut", "ExcelAddInOutPut.csproj", "{9BC4C07D-8849-4E39-A49E-B39B5BAD4853}"
EndProject
Global
	GlobalSection(SolutionConfigurationPlatforms) = preSolution
		Debug|Any CPU = Debug|Any CPU
		Release|Any CPU = Release|Any CPU
	EndGlobalSection
	GlobalSection(ProjectConfigurationPlatforms) = postSolution
		{9BC4C07D-8849-4E39-A49E-B39B5BAD4853}.Debug|Any CPU.ActiveCfg = Debug|Any CPU
		{9BC4C07D-8849-4E39-A49E-B39B5BAD4853}.Debug|Any CPU.Build.0 = Debug|Any CPU
		{9BC4C07D-8849-4E39-A49E-B39B5BAD4853}.Release|Any CPU.ActiveCfg = Release|Any CPU
		{9BC4C07D-8849-4E39-A49E-B39B5BAD4853}.Release|Any CPU.Build.0 = Release|Any CPU
	EndGlobalSection
	GlobalSection(SolutionProperties) = preSolution
		HideSolutionNode = FALSE
	EndGlobalSection
	GlobalSection(ExtensibilityGlobals) = postSolution
		SolutionGuid = {A9AF23FE-8392-4311-9002-966D6EFF3FAB}
	EndGlobalSection
EndGlobal
