
Microsoft Visual Studio Solution File, Format Version 12.00
# Visual Studio Version 17
VisualStudioVersion = 17.8.34330.188
MinimumVisualStudioVersion = 10.0.40219.1
Project("{FAE04EC0-301F-11D3-BF4B-00C04F79EFBC}") = "ExcelAddInOnBI", "ExcelAddInOnBI.csproj", "{BE0B4F5E-D259-4754-A65B-D3BA57F95EAD}"
EndProject
Global
	GlobalSection(SolutionConfigurationPlatforms) = preSolution
		Debug|Any CPU = Debug|Any CPU
		Release|Any CPU = Release|Any CPU
	EndGlobalSection
	GlobalSection(ProjectConfigurationPlatforms) = postSolution
		{BE0B4F5E-D259-4754-A65B-D3BA57F95EAD}.Debug|Any CPU.ActiveCfg = Debug|Any CPU
		{BE0B4F5E-D259-4754-A65B-D3BA57F95EAD}.Debug|Any CPU.Build.0 = Debug|Any CPU
		{BE0B4F5E-D259-4754-A65B-D3BA57F95EAD}.Release|Any CPU.ActiveCfg = Release|Any CPU
		{BE0B4F5E-D259-4754-A65B-D3BA57F95EAD}.Release|Any CPU.Build.0 = Release|Any CPU
	EndGlobalSection
	GlobalSection(SolutionProperties) = preSolution
		HideSolutionNode = FALSE
	EndGlobalSection
	GlobalSection(ExtensibilityGlobals) = postSolution
		SolutionGuid = {7C191C85-E0F5-4EE2-AF97-29283D745EE8}
	EndGlobalSection
EndGlobal
